
Microsoft Visual Studio Solution File, Format Version 12.00
# Visual Studio Version 17
VisualStudioVersion = 17.11.35327.3
MinimumVisualStudioVersion = 10.0.40219.1
Project("{FAE04EC0-301F-11D3-BF4B-00C04F79EFBC}") = "ZadanieDomowe_09", "ZadanieDomowe_09\ZadanieDomowe_09.csproj", "{038A984B-55E0-4D7C-9018-53C7127C52DD}"
EndProject
Global
	GlobalSection(SolutionConfigurationPlatforms) = preSolution
		Debug|Any CPU = Debug|Any CPU
		Release|Any CPU = Release|Any CPU
	EndGlobalSection
	GlobalSection(ProjectConfigurationPlatforms) = postSolution
		{038A984B-55E0-4D7C-9018-53C7127C52DD}.Debug|Any CPU.ActiveCfg = Debug|Any CPU
		{038A984B-55E0-4D7C-9018-53C7127C52DD}.Debug|Any CPU.Build.0 = Debug|Any CPU
		{038A984B-55E0-4D7C-9018-53C7127C52DD}.Release|Any CPU.ActiveCfg = Release|Any CPU
		{038A984B-55E0-4D7C-9018-53C7127C52DD}.Release|Any CPU.Build.0 = Release|Any CPU
	EndGlobalSection
	GlobalSection(SolutionProperties) = preSolution
		HideSolutionNode = FALSE
	EndGlobalSection
	GlobalSection(ExtensibilityGlobals) = postSolution
		SolutionGuid = {3C6CC273-2745-48A8-81CF-1FFE789B126A}
	EndGlobalSection
EndGlobal
