
Microsoft Visual Studio Solution File, Format Version 12.00
# Visual Studio Version 17
VisualStudioVersion = 17.11.35327.3
MinimumVisualStudioVersion = 10.0.40219.1
Project("{FAE04EC0-301F-11D3-BF4B-00C04F79EFBC}") = "Lab_09", "Lab_09\Lab_09.csproj", "{8E915C44-7149-48D1-AA6F-BB2477F522C0}"
EndProject
Global
	GlobalSection(SolutionConfigurationPlatforms) = preSolution
		Debug|Any CPU = Debug|Any CPU
		Release|Any CPU = Release|Any CPU
	EndGlobalSection
	GlobalSection(ProjectConfigurationPlatforms) = postSolution
		{8E915C44-7149-48D1-AA6F-BB2477F522C0}.Debug|Any CPU.ActiveCfg = Debug|Any CPU
		{8E915C44-7149-48D1-AA6F-BB2477F522C0}.Debug|Any CPU.Build.0 = Debug|Any CPU
		{8E915C44-7149-48D1-AA6F-BB2477F522C0}.Release|Any CPU.ActiveCfg = Release|Any CPU
		{8E915C44-7149-48D1-AA6F-BB2477F522C0}.Release|Any CPU.Build.0 = Release|Any CPU
	EndGlobalSection
	GlobalSection(SolutionProperties) = preSolution
		HideSolutionNode = FALSE
	EndGlobalSection
	GlobalSection(ExtensibilityGlobals) = postSolution
		SolutionGuid = {16833047-807E-482E-BEB6-5DA3611CF056}
	EndGlobalSection
EndGlobal
