
Microsoft Visual Studio Solution File, Format Version 12.00
# Visual Studio Version 17
VisualStudioVersion = 17.11.35327.3
MinimumVisualStudioVersion = 10.0.40219.1
Project("{FAE04EC0-301F-11D3-BF4B-00C04F79EFBC}") = "ZadanieDomowe_03", "ZadanieDomowe_03\ZadanieDomowe_03.csproj", "{CCEC7794-F763-476A-9749-71EA594E7B1B}"
EndProject
Global
	GlobalSection(SolutionConfigurationPlatforms) = preSolution
		Debug|Any CPU = Debug|Any CPU
		Release|Any CPU = Release|Any CPU
	EndGlobalSection
	GlobalSection(ProjectConfigurationPlatforms) = postSolution
		{CCEC7794-F763-476A-9749-71EA594E7B1B}.Debug|Any CPU.ActiveCfg = Debug|Any CPU
		{CCEC7794-F763-476A-9749-71EA594E7B1B}.Debug|Any CPU.Build.0 = Debug|Any CPU
		{CCEC7794-F763-476A-9749-71EA594E7B1B}.Release|Any CPU.ActiveCfg = Release|Any CPU
		{CCEC7794-F763-476A-9749-71EA594E7B1B}.Release|Any CPU.Build.0 = Release|Any CPU
	EndGlobalSection
	GlobalSection(SolutionProperties) = preSolution
		HideSolutionNode = FALSE
	EndGlobalSection
	GlobalSection(ExtensibilityGlobals) = postSolution
		SolutionGuid = {A2CFEC02-276F-464A-A00B-F1633950841B}
	EndGlobalSection
EndGlobal
